
Microsoft Visual Studio Solution File, Format Version 12.00
# Visual Studio Version 16
VisualStudioVersion = 16.0.29806.167
MinimumVisualStudioVersion = 10.0.40219.1
<<<<<<< HEAD
Project("{9A19103F-16F7-4668-BE54-9A1E7A4F7556}") = "LBFoodDistributor", "LBFoodDistributor\LBFoodDistributor.csproj", "{1387A63A-69F1-46B3-BFC4-56B6A9D3BE53}"
EndProject
Project("{FAE04EC0-301F-11D3-BF4B-00C04F79EFBC}") = "EuropeanFoodAPI", "EuropeanFoodAPI\EuropeanFoodAPI.csproj", "{A60BA514-517A-44A1-9DD9-3B1A65EB0498}"
=======
Project("{FAE04EC0-301F-11D3-BF4B-00C04F79EFBC}") = "LBFoodDistributor", "LBFoodDistributor\LBFoodDistributor.csproj", "{1387A63A-69F1-46B3-BFC4-56B6A9D3BE53}"
>>>>>>> parent of 6ce450e... Created an API for asian food
EndProject
Global
	GlobalSection(SolutionConfigurationPlatforms) = preSolution
		Debug|Any CPU = Debug|Any CPU
		Release|Any CPU = Release|Any CPU
	EndGlobalSection
	GlobalSection(ProjectConfigurationPlatforms) = postSolution
		{1387A63A-69F1-46B3-BFC4-56B6A9D3BE53}.Debug|Any CPU.ActiveCfg = Debug|Any CPU
		{1387A63A-69F1-46B3-BFC4-56B6A9D3BE53}.Debug|Any CPU.Build.0 = Debug|Any CPU
		{1387A63A-69F1-46B3-BFC4-56B6A9D3BE53}.Release|Any CPU.ActiveCfg = Release|Any CPU
		{1387A63A-69F1-46B3-BFC4-56B6A9D3BE53}.Release|Any CPU.Build.0 = Release|Any CPU
<<<<<<< HEAD
		{A60BA514-517A-44A1-9DD9-3B1A65EB0498}.Debug|Any CPU.ActiveCfg = Debug|Any CPU
		{A60BA514-517A-44A1-9DD9-3B1A65EB0498}.Debug|Any CPU.Build.0 = Debug|Any CPU
		{A60BA514-517A-44A1-9DD9-3B1A65EB0498}.Release|Any CPU.ActiveCfg = Release|Any CPU
		{A60BA514-517A-44A1-9DD9-3B1A65EB0498}.Release|Any CPU.Build.0 = Release|Any CPU
=======
>>>>>>> parent of 6ce450e... Created an API for asian food
	EndGlobalSection
	GlobalSection(SolutionProperties) = preSolution
		HideSolutionNode = FALSE
	EndGlobalSection
	GlobalSection(ExtensibilityGlobals) = postSolution
		SolutionGuid = {DFE80019-F594-45D3-89FD-160489EF31D3}
	EndGlobalSection
EndGlobal
